{
  "nodes": {
    "devenv": {
      "locked": {
        "dir": "src/modules",
        "lastModified": 1781604647,
        "narHash": "sha256-Z7ThKwkbARrsC2thGn3fiq1C/XqpDMcQRwQSWjqhfwY=",
        "owner": "cachix",
        "repo": "devenv",
        "rev": "80f225f832b0b8d5fe5985df9ef56059b0b6574a",
        "type": "github"
      },
      "original": {
        "dir": "src/modules",
        "owner": "cachix",
        "repo": "devenv",
        "type": "github"
      }
    },
    "nixpkgs": {
      "locked": {
        "lastModified": 1781454065,
        "narHash": "sha256-d2xfDjnfRuf/xYGdu9VVRHiav/2w5hDL/5cw2TuVAXw=",
        "owner": "NixOS",
        "repo": "nixpkgs",
        "rev": "9eac87a12312b8f60dd52e1c6e1a265f6fc7f5fc",
        "type": "github"
      },
      "original": {
        "owner": "NixOS",
        "ref": "nixpkgs-unstable",
        "repo": "nixpkgs",
        "type": "github"
      }
    },
    "root": {
      "inputs": {
        "devenv": "devenv",
        "nixpkgs": "nixpkgs",
        "rust-overlay": "rust-overlay"
      }
    },
    "rust-overlay": {
      "inputs": {
        "nixpkgs": [
          "nixpkgs"
        ]
      },
      "locked": {
        "lastModified": 1781580018,
        "narHash": "sha256-BlTedbM77FmesD2ZqR73vhFy+y77UrhefV7IYw1pDsk=",
        "owner": "oxalica",
        "repo": "rust-overlay",
        "rev": "8bceba21a1ebea535c27c4dc723a0d5a4db9e386",
        "type": "github"
      },
      "original": {
        "owner": "oxalica",
        "repo": "rust-overlay",
        "type": "github"
      }
    }
  },
  "root": "root",
  "version": 7
}